
Microsoft Visual Studio Solution File, Format Version 12.00
# Visual Studio Version 17
VisualStudioVersion = 17.4.33122.133
MinimumVisualStudioVersion = 10.0.40219.1
Project("{FAE04EC0-301F-11D3-BF4B-00C04F79EFBC}") = "PrendasPractica", "PrendasPractica\PrendasPractica.csproj", "{1766B162-6671-46C5-808B-90CA98D442BB}"
EndProject
Global
	GlobalSection(SolutionConfigurationPlatforms) = preSolution
		Debug|Any CPU = Debug|Any CPU
		Release|Any CPU = Release|Any CPU
	EndGlobalSection
	GlobalSection(ProjectConfigurationPlatforms) = postSolution
		{1766B162-6671-46C5-808B-90CA98D442BB}.Debug|Any CPU.ActiveCfg = Debug|Any CPU
		{1766B162-6671-46C5-808B-90CA98D442BB}.Debug|Any CPU.Build.0 = Debug|Any CPU
		{1766B162-6671-46C5-808B-90CA98D442BB}.Release|Any CPU.ActiveCfg = Release|Any CPU
		{1766B162-6671-46C5-808B-90CA98D442BB}.Release|Any CPU.Build.0 = Release|Any CPU
	EndGlobalSection
	GlobalSection(SolutionProperties) = preSolution
		HideSolutionNode = FALSE
	EndGlobalSection
	GlobalSection(ExtensibilityGlobals) = postSolution
		SolutionGuid = {AAB0F513-23AD-4477-868B-B41DA3D94C03}
	EndGlobalSection
EndGlobal
