
Microsoft Visual Studio Solution File, Format Version 12.00
# Visual Studio Version 17
VisualStudioVersion = 17.4.33122.133
MinimumVisualStudioVersion = 10.0.40219.1
Project("{FAE04EC0-301F-11D3-BF4B-00C04F79EFBC}") = "CalzadoShop", "CalzadoShop\CalzadoShop.csproj", "{B80757D1-47D4-4D7A-9B9F-400134549D69}"
EndProject
Global
	GlobalSection(SolutionConfigurationPlatforms) = preSolution
		Debug|Any CPU = Debug|Any CPU
		Release|Any CPU = Release|Any CPU
	EndGlobalSection
	GlobalSection(ProjectConfigurationPlatforms) = postSolution
		{B80757D1-47D4-4D7A-9B9F-400134549D69}.Debug|Any CPU.ActiveCfg = Debug|Any CPU
		{B80757D1-47D4-4D7A-9B9F-400134549D69}.Debug|Any CPU.Build.0 = Debug|Any CPU
		{B80757D1-47D4-4D7A-9B9F-400134549D69}.Release|Any CPU.ActiveCfg = Release|Any CPU
		{B80757D1-47D4-4D7A-9B9F-400134549D69}.Release|Any CPU.Build.0 = Release|Any CPU
	EndGlobalSection
	GlobalSection(SolutionProperties) = preSolution
		HideSolutionNode = FALSE
	EndGlobalSection
	GlobalSection(ExtensibilityGlobals) = postSolution
		SolutionGuid = {75CE7E17-435D-48E2-BFFB-4B63CE0DE3BD}
	EndGlobalSection
EndGlobal
