
Microsoft Visual Studio Solution File, Format Version 12.00
Project("{FAE04EC0-301F-11D3-BF4B-00C04F79EFBC}") = "Laboratoriolab2", "Laboratoriolab2\Laboratoriolab2.csproj", "{2BEDED67-42B2-4878-B04E-B7E4C391EA9A}"
EndProject
Global
	GlobalSection(SolutionConfigurationPlatforms) = preSolution
		Debug|Any CPU = Debug|Any CPU
		Release|Any CPU = Release|Any CPU
	EndGlobalSection
	GlobalSection(ProjectConfigurationPlatforms) = postSolution
		{2BEDED67-42B2-4878-B04E-B7E4C391EA9A}.Debug|Any CPU.ActiveCfg = Debug|Any CPU
		{2BEDED67-42B2-4878-B04E-B7E4C391EA9A}.Debug|Any CPU.Build.0 = Debug|Any CPU
		{2BEDED67-42B2-4878-B04E-B7E4C391EA9A}.Release|Any CPU.ActiveCfg = Release|Any CPU
		{2BEDED67-42B2-4878-B04E-B7E4C391EA9A}.Release|Any CPU.Build.0 = Release|Any CPU
	EndGlobalSection
EndGlobal
